
Microsoft Visual Studio Solution File, Format Version 12.00
# Visual Studio Version 17
VisualStudioVersion = 17.8.34511.84
MinimumVisualStudioVersion = 10.0.40219.1
Project("{FAE04EC0-301F-11D3-BF4B-00C04F79EFBC}") = "TimeCalculation", "TimeCalculation\TimeCalculation.csproj", "{33859089-A4CC-4F27-B557-A8746EF85AAA}"
EndProject
Project("{FAE04EC0-301F-11D3-BF4B-00C04F79EFBC}") = "TimeCalculationTests", "TimeCalculationTests\TimeCalculationTests.csproj", "{0EB51963-8AAE-49EB-B647-90A24B7A1C30}"
EndProject
Project("{FAE04EC0-301F-11D3-BF4B-00C04F79EFBC}") = "TimeCalculation.Persistence", "TimeCalculation.Persistence\TimeCalculation.Persistence.csproj", "{991953C4-6B90-4587-BA4E-B46734C0FF68}"
EndProject
Project("{FAE04EC0-301F-11D3-BF4B-00C04F79EFBC}") = "TimeCalculation.Model", "TimeCalculation.Model\TimeCalculation.Model.csproj", "{CD32CFF9-F601-4BC9-9023-82379137ACC7}"
EndProject
Project("{FAE04EC0-301F-11D3-BF4B-00C04F79EFBC}") = "TimeCalculation.Api", "TimeCalculation.Api\TimeCalculation.Api.csproj", "{650A3315-2C78-4ED6-BD94-E0A1A62E29AF}"
EndProject
Project("{FAE04EC0-301F-11D3-BF4B-00C04F79EFBC}") = "TimeCalculation.Api.Tests", "TimeCalculation.Api.Tests\TimeCalculation.Api.Tests.csproj", "{8439D4F3-89E3-42E5-9D35-FE8861EC58E1}"
EndProject
Global
	GlobalSection(SolutionConfigurationPlatforms) = preSolution
		Debug|Any CPU = Debug|Any CPU
		Debug|x64 = Debug|x64
		Debug|x86 = Debug|x86
		Release|Any CPU = Release|Any CPU
		Release|x64 = Release|x64
		Release|x86 = Release|x86
	EndGlobalSection
	GlobalSection(ProjectConfigurationPlatforms) = postSolution
		{33859089-A4CC-4F27-B557-A8746EF85AAA}.Debug|Any CPU.ActiveCfg = Debug|Any CPU
		{33859089-A4CC-4F27-B557-A8746EF85AAA}.Debug|Any CPU.Build.0 = Debug|Any CPU
		{33859089-A4CC-4F27-B557-A8746EF85AAA}.Debug|x64.ActiveCfg = Debug|Any CPU
		{33859089-A4CC-4F27-B557-A8746EF85AAA}.Debug|x64.Build.0 = Debug|Any CPU
		{33859089-A4CC-4F27-B557-A8746EF85AAA}.Debug|x86.ActiveCfg = Debug|Any CPU
		{33859089-A4CC-4F27-B557-A8746EF85AAA}.Debug|x86.Build.0 = Debug|Any CPU
		{33859089-A4CC-4F27-B557-A8746EF85AAA}.Release|Any CPU.ActiveCfg = Release|Any CPU
		{33859089-A4CC-4F27-B557-A8746EF85AAA}.Release|Any CPU.Build.0 = Release|Any CPU
		{33859089-A4CC-4F27-B557-A8746EF85AAA}.Release|x64.ActiveCfg = Release|Any CPU
		{33859089-A4CC-4F27-B557-A8746EF85AAA}.Release|x64.Build.0 = Release|Any CPU
		{33859089-A4CC-4F27-B557-A8746EF85AAA}.Release|x86.ActiveCfg = Release|Any CPU
		{33859089-A4CC-4F27-B557-A8746EF85AAA}.Release|x86.Build.0 = Release|Any CPU
		{0EB51963-8AAE-49EB-B647-90A24B7A1C30}.Debug|Any CPU.ActiveCfg = Debug|Any CPU
		{0EB51963-8AAE-49EB-B647-90A24B7A1C30}.Debug|Any CPU.Build.0 = Debug|Any CPU
		{0EB51963-8AAE-49EB-B647-90A24B7A1C30}.Debug|x64.ActiveCfg = Debug|Any CPU
		{0EB51963-8AAE-49EB-B647-90A24B7A1C30}.Debug|x64.Build.0 = Debug|Any CPU
		{0EB51963-8AAE-49EB-B647-90A24B7A1C30}.Debug|x86.ActiveCfg = Debug|Any CPU
		{0EB51963-8AAE-49EB-B647-90A24B7A1C30}.Debug|x86.Build.0 = Debug|Any CPU
		{0EB51963-8AAE-49EB-B647-90A24B7A1C30}.Release|Any CPU.ActiveCfg = Release|Any CPU
		{0EB51963-8AAE-49EB-B647-90A24B7A1C30}.Release|Any CPU.Build.0 = Release|Any CPU
		{0EB51963-8AAE-49EB-B647-90A24B7A1C30}.Release|x64.ActiveCfg = Release|Any CPU
		{0EB51963-8AAE-49EB-B647-90A24B7A1C30}.Release|x64.Build.0 = Release|Any CPU
		{0EB51963-8AAE-49EB-B647-90A24B7A1C30}.Release|x86.ActiveCfg = Release|Any CPU
		{0EB51963-8AAE-49EB-B647-90A24B7A1C30}.Release|x86.Build.0 = Release|Any CPU
		{991953C4-6B90-4587-BA4E-B46734C0FF68}.Debug|Any CPU.ActiveCfg = Debug|Any CPU
		{991953C4-6B90-4587-BA4E-B46734C0FF68}.Debug|Any CPU.Build.0 = Debug|Any CPU
		{991953C4-6B90-4587-BA4E-B46734C0FF68}.Debug|x64.ActiveCfg = Debug|Any CPU
		{991953C4-6B90-4587-BA4E-B46734C0FF68}.Debug|x64.Build.0 = Debug|Any CPU
		{991953C4-6B90-4587-BA4E-B46734C0FF68}.Debug|x86.ActiveCfg = Debug|Any CPU
		{991953C4-6B90-4587-BA4E-B46734C0FF68}.Debug|x86.Build.0 = Debug|Any CPU
		{991953C4-6B90-4587-BA4E-B46734C0FF68}.Release|Any CPU.ActiveCfg = Release|Any CPU
		{991953C4-6B90-4587-BA4E-B46734C0FF68}.Release|Any CPU.Build.0 = Release|Any CPU
		{991953C4-6B90-4587-BA4E-B46734C0FF68}.Release|x64.ActiveCfg = Release|Any CPU
		{991953C4-6B90-4587-BA4E-B46734C0FF68}.Release|x64.Build.0 = Release|Any CPU
		{991953C4-6B90-4587-BA4E-B46734C0FF68}.Release|x86.ActiveCfg = Release|Any CPU
		{991953C4-6B90-4587-BA4E-B46734C0FF68}.Release|x86.Build.0 = Release|Any CPU
		{CD32CFF9-F601-4BC9-9023-82379137ACC7}.Debug|Any CPU.ActiveCfg = Debug|Any CPU
		{CD32CFF9-F601-4BC9-9023-82379137ACC7}.Debug|Any CPU.Build.0 = Debug|Any CPU
		{CD32CFF9-F601-4BC9-9023-82379137ACC7}.Debug|x64.ActiveCfg = Debug|Any CPU
		{CD32CFF9-F601-4BC9-9023-82379137ACC7}.Debug|x64.Build.0 = Debug|Any CPU
		{CD32CFF9-F601-4BC9-9023-82379137ACC7}.Debug|x86.ActiveCfg = Debug|Any CPU
		{CD32CFF9-F601-4BC9-9023-82379137ACC7}.Debug|x86.Build.0 = Debug|Any CPU
		{CD32CFF9-F601-4BC9-9023-82379137ACC7}.Release|Any CPU.ActiveCfg = Release|Any CPU
		{CD32CFF9-F601-4BC9-9023-82379137ACC7}.Release|Any CPU.Build.0 = Release|Any CPU
		{CD32CFF9-F601-4BC9-9023-82379137ACC7}.Release|x64.ActiveCfg = Release|Any CPU
		{CD32CFF9-F601-4BC9-9023-82379137ACC7}.Release|x64.Build.0 = Release|Any CPU
		{CD32CFF9-F601-4BC9-9023-82379137ACC7}.Release|x86.ActiveCfg = Release|Any CPU
		{CD32CFF9-F601-4BC9-9023-82379137ACC7}.Release|x86.Build.0 = Release|Any CPU
		{650A3315-2C78-4ED6-BD94-E0A1A62E29AF}.Debug|Any CPU.ActiveCfg = Debug|Any CPU
		{650A3315-2C78-4ED6-BD94-E0A1A62E29AF}.Debug|Any CPU.Build.0 = Debug|Any CPU
		{650A3315-2C78-4ED6-BD94-E0A1A62E29AF}.Debug|x64.ActiveCfg = Debug|Any CPU
		{650A3315-2C78-4ED6-BD94-E0A1A62E29AF}.Debug|x64.Build.0 = Debug|Any CPU
		{650A3315-2C78-4ED6-BD94-E0A1A62E29AF}.Debug|x86.ActiveCfg = Debug|Any CPU
		{650A3315-2C78-4ED6-BD94-E0A1A62E29AF}.Debug|x86.Build.0 = Debug|Any CPU
		{650A3315-2C78-4ED6-BD94-E0A1A62E29AF}.Release|Any CPU.ActiveCfg = Release|Any CPU
		{650A3315-2C78-4ED6-BD94-E0A1A62E29AF}.Release|Any CPU.Build.0 = Release|Any CPU
		{650A3315-2C78-4ED6-BD94-E0A1A62E29AF}.Release|x64.ActiveCfg = Release|Any CPU
		{650A3315-2C78-4ED6-BD94-E0A1A62E29AF}.Release|x64.Build.0 = Release|Any CPU
		{650A3315-2C78-4ED6-BD94-E0A1A62E29AF}.Release|x86.ActiveCfg = Release|Any CPU
		{650A3315-2C78-4ED6-BD94-E0A1A62E29AF}.Release|x86.Build.0 = Release|Any CPU
		{8439D4F3-89E3-42E5-9D35-FE8861EC58E1}.Debug|Any CPU.ActiveCfg = Debug|Any CPU
		{8439D4F3-89E3-42E5-9D35-FE8861EC58E1}.Debug|Any CPU.Build.0 = Debug|Any CPU
		{8439D4F3-89E3-42E5-9D35-FE8861EC58E1}.Debug|x64.ActiveCfg = Debug|Any CPU
		{8439D4F3-89E3-42E5-9D35-FE8861EC58E1}.Debug|x64.Build.0 = Debug|Any CPU
		{8439D4F3-89E3-42E5-9D35-FE8861EC58E1}.Debug|x86.ActiveCfg = Debug|Any CPU
		{8439D4F3-89E3-42E5-9D35-FE8861EC58E1}.Debug|x86.Build.0 = Debug|Any CPU
		{8439D4F3-89E3-42E5-9D35-FE8861EC58E1}.Release|Any CPU.ActiveCfg = Release|Any CPU
		{8439D4F3-89E3-42E5-9D35-FE8861EC58E1}.Release|Any CPU.Build.0 = Release|Any CPU
		{8439D4F3-89E3-42E5-9D35-FE8861EC58E1}.Release|x64.ActiveCfg = Release|Any CPU
		{8439D4F3-89E3-42E5-9D35-FE8861EC58E1}.Release|x64.Build.0 = Release|Any CPU
		{8439D4F3-89E3-42E5-9D35-FE8861EC58E1}.Release|x86.ActiveCfg = Release|Any CPU
		{8439D4F3-89E3-42E5-9D35-FE8861EC58E1}.Release|x86.Build.0 = Release|Any CPU
	EndGlobalSection
	GlobalSection(SolutionProperties) = preSolution
		HideSolutionNode = FALSE
	EndGlobalSection
	GlobalSection(ExtensibilityGlobals) = postSolution
		SolutionGuid = {94E7E790-B58E-4B87-982B-24DAF85C66F6}
	EndGlobalSection
EndGlobal
